// !$*UTF8*$!
{
	archiveVersion = 1;
	classes = {
	};
	objectVersion = 56;
	objects = {

/* Begin PBXBuildFile section */
		77D59AEF299B614100AF13BD /* twoDoApp.swift in Sources */ = {isa = PBXBuildFile; fileRef = 77D59AEE299B614100AF13BD /* twoDoApp.swift */; };
		77D59AF3299B614500AF13BD /* Assets.xcassets in Resources */ = {isa = PBXBuildFile; fileRef = 77D59AF2299B614500AF13BD /* Assets.xcassets */; };
		77D59AF6299B614500AF13BD /* Preview Assets.xcassets in Resources */ = {isa = PBXBuildFile; fileRef = 77D59AF5299B614500AF13BD /* Preview Assets.xcassets */; };
		77D59AFE299B628C00AF13BD /* ListView.swift in Sources */ = {isa = PBXBuildFile; fileRef = 77D59AFD299B628C00AF13BD /* ListView.swift */; };
		77D59B00299B69C700AF13BD /* ListRowView.swift in Sources */ = {isa = PBXBuildFile; fileRef = 77D59AFF299B69C700AF13BD /* ListRowView.swift */; };
		77D59B02299B749B00AF13BD /* AddView.swift in Sources */ = {isa = PBXBuildFile; fileRef = 77D59B01299B749B00AF13BD /* AddView.swift */; };
		77D59B05299B9D5F00AF13BD /* ToDoElement.swift in Sources */ = {isa = PBXBuildFile; fileRef = 77D59B04299B9D5F00AF13BD /* ToDoElement.swift */; };
		77D59B08299E1A7400AF13BD /* ListViewModel.swift in Sources */ = {isa = PBXBuildFile; fileRef = 77D59B07299E1A7400AF13BD /* ListViewModel.swift */; };
/* End PBXBuildFile section */

/* Begin PBXFileReference section */
		77D59AEB299B614100AF13BD /* 2Do.app */ = {isa = PBXFileReference; explicitFileType = wrapper.application; includeInIndex = 0; path = 2Do.app; sourceTree = BUILT_PRODUCTS_DIR; };
		77D59AEE299B614100AF13BD /* twoDoApp.swift */ = {isa = PBXFileReference; lastKnownFileType = sourcecode.swift; path = twoDoApp.swift; sourceTree = "<group>"; };
		77D59AF2299B614500AF13BD /* Assets.xcassets */ = {isa = PBXFileReference; lastKnownFileType = folder.assetcatalog; path = Assets.xcassets; sourceTree = "<group>"; };
		77D59AF5299B614500AF13BD /* Preview Assets.xcassets */ = {isa = PBXFileReference; lastKnownFileType = folder.assetcatalog; path = "Preview Assets.xcassets"; sourceTree = "<group>"; };
		77D59AFD299B628C00AF13BD /* ListView.swift */ = {isa = PBXFileReference; lastKnownFileType = sourcecode.swift; path = ListView.swift; sourceTree = "<group>"; };
		77D59AFF299B69C700AF13BD /* ListRowView.swift */ = {isa = PBXFileReference; lastKnownFileType = sourcecode.swift; path = ListRowView.swift; sourceTree = "<group>"; };
		77D59B01299B749B00AF13BD /* AddView.swift */ = {isa = PBXFileReference; lastKnownFileType = sourcecode.swift; path = AddView.swift; sourceTree = "<group>"; };
		77D59B04299B9D5F00AF13BD /* ToDoElement.swift */ = {isa = PBXFileReference; lastKnownFileType = sourcecode.swift; path = ToDoElement.swift; sourceTree = "<group>"; };
		77D59B07299E1A7400AF13BD /* ListViewModel.swift */ = {isa = PBXFileReference; lastKnownFileType = sourcecode.swift; path = ListViewModel.swift; sourceTree = "<group>"; };
/* End PBXFileReference section */

/* Begin PBXFrameworksBuildPhase section */
		77D59AE8299B614100AF13BD /* Frameworks */ = {
			isa = PBXFrameworksBuildPhase;
			buildActionMask = 2147483647;
			files = (
			);
			runOnlyForDeploymentPostprocessing = 0;
		};
/* End PBXFrameworksBuildPhase section */

/* Begin PBXGroup section */
		77D59AE2299B614100AF13BD = {
			isa = PBXGroup;
			children = (
				77D59AED299B614100AF13BD /* 2Do */,
				77D59AEC299B614100AF13BD /* Products */,
			);
			sourceTree = "<group>";
		};
		77D59AEC299B614100AF13BD /* Products */ = {
			isa = PBXGroup;
			children = (
				77D59AEB299B614100AF13BD /* 2Do.app */,
			);
			name = Products;
			sourceTree = "<group>";
		};
		77D59AED299B614100AF13BD /* 2Do */ = {
			isa = PBXGroup;
			children = (
				77D59B03299B9D5300AF13BD /* Models */,
				77D59B06299E1A5500AF13BD /* View Models */,
				77D59AFC299B627500AF13BD /* Views */,
				77D59AEE299B614100AF13BD /* twoDoApp.swift */,
				77D59AF2299B614500AF13BD /* Assets.xcassets */,
				77D59AF4299B614500AF13BD /* Preview Content */,
			);
			path = 2Do;
			sourceTree = "<group>";
		};
		77D59AF4299B614500AF13BD /* Preview Content */ = {
			isa = PBXGroup;
			children = (
				77D59AF5299B614500AF13BD /* Preview Assets.xcassets */,
			);
			path = "Preview Content";
			sourceTree = "<group>";
		};
		77D59AFC299B627500AF13BD /* Views */ = {
			isa = PBXGroup;
			children = (
				77D59AFD299B628C00AF13BD /* ListView.swift */,
				77D59B01299B749B00AF13BD /* AddView.swift */,
				77D59AFF299B69C700AF13BD /* ListRowView.swift */,
			);
			path = Views;
			sourceTree = "<group>";
		};
		77D59B03299B9D5300AF13BD /* Models */ = {
			isa = PBXGroup;
			children = (
				77D59B04299B9D5F00AF13BD /* ToDoElement.swift */,
			);
			path = Models;
			sourceTree = "<group>";
		};
		77D59B06299E1A5500AF13BD /* View Models */ = {
			isa = PBXGroup;
			children = (
				77D59B07299E1A7400AF13BD /* ListViewModel.swift */,
			);
			path = "View Models";
			sourceTree = "<group>";
		};
/* End PBXGroup section */

/* Begin PBXNativeTarget section */
		77D59AEA299B614100AF13BD /* 2Do */ = {
			isa = PBXNativeTarget;
			buildConfigurationList = 77D59AF9299B614500AF13BD /* Build configuration list for PBXNativeTarget "2Do" */;
			buildPhases = (
				77D59AE7299B614100AF13BD /* Sources */,
				77D59AE8299B614100AF13BD /* Frameworks */,
				77D59AE9299B614100AF13BD /* Resources */,
			);
			buildRules = (
			);
			dependencies = (
			);
			name = 2Do;
			productName = 2Do;
			productReference = 77D59AEB299B614100AF13BD /* 2Do.app */;
			productType = "com.apple.product-type.application";
		};
/* End PBXNativeTarget section */

/* Begin PBXProject section */
		77D59AE3299B614100AF13BD /* Project object */ = {
			isa = PBXProject;
			attributes = {
				BuildIndependentTargetsInParallel = 1;
				LastSwiftUpdateCheck = 1400;
				LastUpgradeCheck = 1400;
				TargetAttributes = {
					77D59AEA299B614100AF13BD = {
						CreatedOnToolsVersion = 14.0.1;
					};
				};
			};
			buildConfigurationList = 77D59AE6299B614100AF13BD /* Build configuration list for PBXProject "2Do" */;
			compatibilityVersion = "Xcode 14.0";
			developmentRegion = en;
			hasScannedForEncodings = 0;
			knownRegions = (
				en,
				Base,
			);
			mainGroup = 77D59AE2299B614100AF13BD;
			productRefGroup = 77D59AEC299B614100AF13BD /* Products */;
			projectDirPath = "";
			projectRoot = "";
			targets = (
				77D59AEA299B614100AF13BD /* 2Do */,
			);
		};
/* End PBXProject section */

/* Begin PBXResourcesBuildPhase section */
		77D59AE9299B614100AF13BD /* Resources */ = {
			isa = PBXResourcesBuildPhase;
			buildActionMask = 2147483647;
			files = (
				77D59AF6299B614500AF13BD /* Preview Assets.xcassets in Resources */,
				77D59AF3299B614500AF13BD /* Assets.xcassets in Resources */,
			);
			runOnlyForDeploymentPostprocessing = 0;
		};
/* End PBXResourcesBuildPhase section */

/* Begin PBXSourcesBuildPhase section */
		77D59AE7299B614100AF13BD /* Sources */ = {
			isa = PBXSourcesBuildPhase;
			buildActionMask = 2147483647;
			files = (
				77D59B02299B749B00AF13BD /* AddView.swift in Sources */,
				77D59B08299E1A7400AF13BD /* ListViewModel.swift in Sources */,
				77D59AEF299B614100AF13BD /* twoDoApp.swift in Sources */,
				77D59AFE299B628C00AF13BD /* ListView.swift in Sources */,
				77D59B00299B69C700AF13BD /* ListRowView.swift in Sources */,
				77D59B05299B9D5F00AF13BD /* ToDoElement.swift in Sources */,
			);
			runOnlyForDeploymentPostprocessing = 0;
		};
/* End PBXSourcesBuildPhase section */

/* Begin XCBuildConfiguration section */
		77D59AF7299B614500AF13BD /* Debug */ = {
			isa = XCBuildConfiguration;
			buildSettings = {
				ALWAYS_SEARCH_USER_PATHS = NO;
				CLANG_ANALYZER_NONNULL = YES;
				CLANG_ANALYZER_NUMBER_OBJECT_CONVERSION = YES_AGGRESSIVE;
				CLANG_CXX_LANGUAGE_STANDARD = "gnu++20";
				CLANG_ENABLE_MODULES = YES;
				CLANG_ENABLE_OBJC_ARC = YES;
				CLANG_ENABLE_OBJC_WEAK = YES;
				CLANG_WARN_BLOCK_CAPTURE_AUTORELEASING = YES;
				CLANG_WARN_BOOL_CONVERSION = YES;
				CLANG_WARN_COMMA = YES;
				CLANG_WARN_CONSTANT_CONVERSION = YES;
				CLANG_WARN_DEPRECATED_OBJC_IMPLEMENTATIONS = YES;
				CLANG_WARN_DIRECT_OBJC_ISA_USAGE = YES_ERROR;
				CLANG_WARN_DOCUMENTATION_COMMENTS = YES;
				CLANG_WARN_EMPTY_BODY = YES;
				CLANG_WARN_ENUM_CONVERSION = YES;
				CLANG_WARN_INFINITE_RECURSION = YES;
				CLANG_WARN_INT_CONVERSION = YES;
				CLANG_WARN_NON_LITERAL_NULL_CONVERSION = YES;
				CLANG_WARN_OBJC_IMPLICIT_RETAIN_SELF = YES;
				CLANG_WARN_OBJC_LITERAL_CONVERSION = YES;
				CLANG_WARN_OBJC_ROOT_CLASS = YES_ERROR;
				CLANG_WARN_QUOTED_INCLUDE_IN_FRAMEWORK_HEADER = YES;
				CLANG_WARN_RANGE_LOOP_ANALYSIS = YES;
				CLANG_WARN_STRICT_PROTOTYPES = YES;
				CLANG_WARN_SUSPICIOUS_MOVE = YES;
				CLANG_WARN_UNGUARDED_AVAILABILITY = YES_AGGRESSIVE;
				CLANG_WARN_UNREACHABLE_CODE = YES;
				CLANG_WARN__DUPLICATE_METHOD_MATCH = YES;
				COPY_PHASE_STRIP = NO;
				DEBUG_INFORMATION_FORMAT = dwarf;
				ENABLE_STRICT_OBJC_MSGSEND = YES;
				ENABLE_TESTABILITY = YES;
				GCC_C_LANGUAGE_STANDARD = gnu11;
				GCC_DYNAMIC_NO_PIC = NO;
				GCC_NO_COMMON_BLOCKS = YES;
				GCC_OPTIMIZATION_LEVEL = 0;
				GCC_PREPROCESSOR_DEFINITIONS = (
					"DEBUG=1",
					"$(inherited)",
				);
				GCC_WARN_64_TO_32_BIT_CONVERSION = YES;
				GCC_WARN_ABOUT_RETURN_TYPE = YES_ERROR;
				GCC_WARN_UNDECLARED_SELECTOR = YES;
				GCC_WARN_UNINITIALIZED_AUTOS = YES_AGGRESSIVE;
				GCC_WARN_UNUSED_FUNCTION = YES;
				GCC_WARN_UNUSED_VARIABLE = YES;
				IPHONEOS_DEPLOYMENT_TARGET = 16.0;
				MTL_ENABLE_DEBUG_INFO = INCLUDE_SOURCE;
				MTL_FAST_MATH = YES;
				ONLY_ACTIVE_ARCH = YES;
				SDKROOT = iphoneos;
				SWIFT_ACTIVE_COMPILATION_CONDITIONS = DEBUG;
				SWIFT_OPTIMIZATION_LEVEL = "-Onone";
			};
			name = Debug;
		};
		77D59AF8299B614500AF13BD /* Release */ = {
			isa = XCBuildConfiguration;
			buildSettings = {
				ALWAYS_SEARCH_USER_PATHS = NO;
				CLANG_ANALYZER_NONNULL = YES;
				CLANG_ANALYZER_NUMBER_OBJECT_CONVERSION = YES_AGGRESSIVE;
				CLANG_CXX_LANGUAGE_STANDARD = "gnu++20";
				CLANG_ENABLE_MODULES = YES;
				CLANG_ENABLE_OBJC_ARC = YES;
				CLANG_ENABLE_OBJC_WEAK = YES;
				CLANG_WARN_BLOCK_CAPTURE_AUTORELEASING = YES;
				CLANG_WARN_BOOL_CONVERSION = YES;
				CLANG_WARN_COMMA = YES;
				CLANG_WARN_CONSTANT_CONVERSION = YES;
				CLANG_WARN_DEPRECATED_OBJC_IMPLEMENTATIONS = YES;
				CLANG_WARN_DIRECT_OBJC_ISA_USAGE = YES_ERROR;
				CLANG_WARN_DOCUMENTATION_COMMENTS = YES;
				CLANG_WARN_EMPTY_BODY = YES;
				CLANG_WARN_ENUM_CONVERSION = YES;
				CLANG_WARN_INFINITE_RECURSION = YES;
				CLANG_WARN_INT_CONVERSION = YES;
				CLANG_WARN_NON_LITERAL_NULL_CONVERSION = YES;
				CLANG_WARN_OBJC_IMPLICIT_RETAIN_SELF = YES;
				CLANG_WARN_OBJC_LITERAL_CONVERSION = YES;
				CLANG_WARN_OBJC_ROOT_CLASS = YES_ERROR;
				CLANG_WARN_QUOTED_INCLUDE_IN_FRAMEWORK_HEADER = YES;
				CLANG_WARN_RANGE_LOOP_ANALYSIS = YES;
				CLANG_WARN_STRICT_PROTOTYPES = YES;
				CLANG_WARN_SUSPICIOUS_MOVE = YES;
				CLANG_WARN_UNGUARDED_AVAILABILITY = YES_AGGRESSIVE;
				CLANG_WARN_UNREACHABLE_CODE = YES;
				CLANG_WARN__DUPLICATE_METHOD_MATCH = YES;
				COPY_PHASE_STRIP = NO;
				DEBUG_INFORMATION_FORMAT = "dwarf-with-dsym";
				ENABLE_NS_ASSERTIONS = NO;
				ENABLE_STRICT_OBJC_MSGSEND = YES;
				GCC_C_LANGUAGE_STANDARD = gnu11;
				GCC_NO_COMMON_BLOCKS = YES;
				GCC_WARN_64_TO_32_BIT_CONVERSION = YES;
				GCC_WARN_ABOUT_RETURN_TYPE = YES_ERROR;
				GCC_WARN_UNDECLARED_SELECTOR = YES;
				GCC_WARN_UNINITIALIZED_AUTOS = YES_AGGRESSIVE;
				GCC_WARN_UNUSED_FUNCTION = YES;
				GCC_WARN_UNUSED_VARIABLE = YES;
				IPHONEOS_DEPLOYMENT_TARGET = 16.0;
				MTL_ENABLE_DEBUG_INFO = NO;
				MTL_FAST_MATH = YES;
				SDKROOT = iphoneos;
				SWIFT_COMPILATION_MODE = wholemodule;
				SWIFT_OPTIMIZATION_LEVEL = "-O";
				VALIDATE_PRODUCT = YES;
			};
			name = Release;
		};
		77D59AFA299B614500AF13BD /* Debug */ = {
			isa = XCBuildConfiguration;
			buildSettings = {
				ASSETCATALOG_COMPILER_APPICON_NAME = AppIcon;
				ASSETCATALOG_COMPILER_GLOBAL_ACCENT_COLOR_NAME = AccentColor;
				CODE_SIGN_STYLE = Automatic;
				CURRENT_PROJECT_VERSION = 1;
				DEVELOPMENT_ASSET_PATHS = "\"2Do/Preview Content\"";
				ENABLE_PREVIEWS = YES;
				GENERATE_INFOPLIST_FILE = YES;
				INFOPLIST_KEY_UIApplicationSceneManifest_Generation = YES;
				INFOPLIST_KEY_UIApplicationSupportsIndirectInputEvents = YES;
				INFOPLIST_KEY_UILaunchScreen_Generation = YES;
				INFOPLIST_KEY_UISupportedInterfaceOrientations_iPad = "UIInterfaceOrientationPortrait UIInterfaceOrientationPortraitUpsideDown UIInterfaceOrientationLandscapeLeft UIInterfaceOrientationLandscapeRight";
				INFOPLIST_KEY_UISupportedInterfaceOrientations_iPhone = "UIInterfaceOrientationPortrait UIInterfaceOrientationLandscapeLeft UIInterfaceOrientationLandscapeRight";
				LD_RUNPATH_SEARCH_PATHS = (
					"$(inherited)",
					"@executable_path/Frameworks",
				);
				MARKETING_VERSION = 1.0;
				PRODUCT_BUNDLE_IDENTIFIER = "knturn.-Do";
				PRODUCT_NAME = "$(TARGET_NAME)";
				SWIFT_EMIT_LOC_STRINGS = YES;
				SWIFT_VERSION = 5.0;
				TARGETED_DEVICE_FAMILY = "1,2";
			};
			name = Debug;
		};
		77D59AFB299B614500AF13BD /* Release */ = {
			isa = XCBuildConfiguration;
			buildSettings = {
				ASSETCATALOG_COMPILER_APPICON_NAME = AppIcon;
				ASSETCATALOG_COMPILER_GLOBAL_ACCENT_COLOR_NAME = AccentColor;
				CODE_SIGN_STYLE = Automatic;
				CURRENT_PROJECT_VERSION = 1;
				DEVELOPMENT_ASSET_PATHS = "\"2Do/Preview Content\"";
				ENABLE_PREVIEWS = YES;
				GENERATE_INFOPLIST_FILE = YES;
				INFOPLIST_KEY_UIApplicationSceneManifest_Generation = YES;
				INFOPLIST_KEY_UIApplicationSupportsIndirectInputEvents = YES;
				INFOPLIST_KEY_UILaunchScreen_Generation = YES;
				INFOPLIST_KEY_UISupportedInterfaceOrientations_iPad = "UIInterfaceOrientationPortrait UIInterfaceOrientationPortraitUpsideDown UIInterfaceOrientationLandscapeLeft UIInterfaceOrientationLandscapeRight";
				INFOPLIST_KEY_UISupportedInterfaceOrientations_iPhone = "UIInterfaceOrientationPortrait UIInterfaceOrientationLandscapeLeft UIInterfaceOrientationLandscapeRight";
				LD_RUNPATH_SEARCH_PATHS = (
					"$(inherited)",
					"@executable_path/Frameworks",
				);
				MARKETING_VERSION = 1.0;
				PRODUCT_BUNDLE_IDENTIFIER = "knturn.-Do";
				PRODUCT_NAME = "$(TARGET_NAME)";
				SWIFT_EMIT_LOC_STRINGS = YES;
				SWIFT_VERSION = 5.0;
				TARGETED_DEVICE_FAMILY = "1,2";
			};
			name = Release;
		};
/* End XCBuildConfiguration section */

/* Begin XCConfigurationList section */
		77D59AE6299B614100AF13BD /* Build configuration list for PBXProject "2Do" */ = {
			isa = XCConfigurationList;
			buildConfigurations = (
				77D59AF7299B614500AF13BD /* Debug */,
				77D59AF8299B614500AF13BD /* Release */,
			);
			defaultConfigurationIsVisible = 0;
			defaultConfigurationName = Release;
		};
		77D59AF9299B614500AF13BD /* Build configuration list for PBXNativeTarget "2Do" */ = {
			isa = XCConfigurationList;
			buildConfigurations = (
				77D59AFA299B614500AF13BD /* Debug */,
				77D59AFB299B614500AF13BD /* Release */,
			);
			defaultConfigurationIsVisible = 0;
			defaultConfigurationName = Release;
		};
/* End XCConfigurationList section */
	};
	rootObject = 77D59AE3299B614100AF13BD /* Project object */;
}
